
Microsoft Visual Studio Solution File, Format Version 12.00
# Visual Studio Version 17
VisualStudioVersion = 17.8.0.0
MinimumVisualStudioVersion = 17.8.0.0
Project("{9A19103F-16F7-4668-BE54-9A1E7A4F7556}") = "AspireCrud.AppHost", "AspireCrud.AppHost\AspireCrud.AppHost.csproj", "{5E4B3B61-D0A7-437F-B860-3A9AD5900781}"
EndProject
Project("{9A19103F-16F7-4668-BE54-9A1E7A4F7556}") = "AspireCrud.ServiceDefaults", "AspireCrud.ServiceDefaults\AspireCrud.ServiceDefaults.csproj", "{E41A3EE1-886F-45A7-9EB0-89FD6A544C51}"
EndProject
Project("{9A19103F-16F7-4668-BE54-9A1E7A4F7556}") = "AspireCrud.ApiService", "AspireCrud.ApiService\AspireCrud.ApiService.csproj", "{6A6048D5-B66F-4843-921F-545AA918A59E}"
EndProject
Project("{9A19103F-16F7-4668-BE54-9A1E7A4F7556}") = "AspireCrud.Web", "AspireCrud.Web\AspireCrud.Web.csproj", "{C55D3760-7A78-406D-B3EE-70B40E698B8A}"
EndProject
Project("{2150E333-8FDC-42A3-9474-1A3956D46DE8}") = "AspireCrud.Function", "AspireCrud.Function", "{A366AF7F-D8A3-5295-9089-158C9C58A9B4}"
EndProject
Project("{FAE04EC0-301F-11D3-BF4B-00C04F79EFBC}") = "AspireCrud_Function", "AspireCrud.Function\AspireCrud_Function.csproj", "{15473735-C0B0-4ECE-B5FA-1F0DF7ECF99F}"
EndProject
Global
	GlobalSection(SolutionConfigurationPlatforms) = preSolution
		Debug|Any CPU = Debug|Any CPU
		Debug|x64 = Debug|x64
		Debug|x86 = Debug|x86
		Release|Any CPU = Release|Any CPU
		Release|x64 = Release|x64
		Release|x86 = Release|x86
	EndGlobalSection
	GlobalSection(ProjectConfigurationPlatforms) = postSolution
		{5E4B3B61-D0A7-437F-B860-3A9AD5900781}.Debug|Any CPU.ActiveCfg = Debug|Any CPU
		{5E4B3B61-D0A7-437F-B860-3A9AD5900781}.Debug|Any CPU.Build.0 = Debug|Any CPU
		{5E4B3B61-D0A7-437F-B860-3A9AD5900781}.Debug|x64.ActiveCfg = Debug|Any CPU
		{5E4B3B61-D0A7-437F-B860-3A9AD5900781}.Debug|x64.Build.0 = Debug|Any CPU
		{5E4B3B61-D0A7-437F-B860-3A9AD5900781}.Debug|x86.ActiveCfg = Debug|Any CPU
		{5E4B3B61-D0A7-437F-B860-3A9AD5900781}.Debug|x86.Build.0 = Debug|Any CPU
		{5E4B3B61-D0A7-437F-B860-3A9AD5900781}.Release|Any CPU.ActiveCfg = Release|Any CPU
		{5E4B3B61-D0A7-437F-B860-3A9AD5900781}.Release|Any CPU.Build.0 = Release|Any CPU
		{5E4B3B61-D0A7-437F-B860-3A9AD5900781}.Release|x64.ActiveCfg = Release|Any CPU
		{5E4B3B61-D0A7-437F-B860-3A9AD5900781}.Release|x64.Build.0 = Release|Any CPU
		{5E4B3B61-D0A7-437F-B860-3A9AD5900781}.Release|x86.ActiveCfg = Release|Any CPU
		{5E4B3B61-D0A7-437F-B860-3A9AD5900781}.Release|x86.Build.0 = Release|Any CPU
		{E41A3EE1-886F-45A7-9EB0-89FD6A544C51}.Debug|Any CPU.ActiveCfg = Debug|Any CPU
		{E41A3EE1-886F-45A7-9EB0-89FD6A544C51}.Debug|Any CPU.Build.0 = Debug|Any CPU
		{E41A3EE1-886F-45A7-9EB0-89FD6A544C51}.Debug|x64.ActiveCfg = Debug|Any CPU
		{E41A3EE1-886F-45A7-9EB0-89FD6A544C51}.Debug|x64.Build.0 = Debug|Any CPU
		{E41A3EE1-886F-45A7-9EB0-89FD6A544C51}.Debug|x86.ActiveCfg = Debug|Any CPU
		{E41A3EE1-886F-45A7-9EB0-89FD6A544C51}.Debug|x86.Build.0 = Debug|Any CPU
		{E41A3EE1-886F-45A7-9EB0-89FD6A544C51}.Release|Any CPU.ActiveCfg = Release|Any CPU
		{E41A3EE1-886F-45A7-9EB0-89FD6A544C51}.Release|Any CPU.Build.0 = Release|Any CPU
		{E41A3EE1-886F-45A7-9EB0-89FD6A544C51}.Release|x64.ActiveCfg = Release|Any CPU
		{E41A3EE1-886F-45A7-9EB0-89FD6A544C51}.Release|x64.Build.0 = Release|Any CPU
		{E41A3EE1-886F-45A7-9EB0-89FD6A544C51}.Release|x86.ActiveCfg = Release|Any CPU
		{E41A3EE1-886F-45A7-9EB0-89FD6A544C51}.Release|x86.Build.0 = Release|Any CPU
		{6A6048D5-B66F-4843-921F-545AA918A59E}.Debug|Any CPU.ActiveCfg = Debug|Any CPU
		{6A6048D5-B66F-4843-921F-545AA918A59E}.Debug|Any CPU.Build.0 = Debug|Any CPU
		{6A6048D5-B66F-4843-921F-545AA918A59E}.Debug|x64.ActiveCfg = Debug|Any CPU
		{6A6048D5-B66F-4843-921F-545AA918A59E}.Debug|x64.Build.0 = Debug|Any CPU
		{6A6048D5-B66F-4843-921F-545AA918A59E}.Debug|x86.ActiveCfg = Debug|Any CPU
		{6A6048D5-B66F-4843-921F-545AA918A59E}.Debug|x86.Build.0 = Debug|Any CPU
		{6A6048D5-B66F-4843-921F-545AA918A59E}.Release|Any CPU.ActiveCfg = Release|Any CPU
		{6A6048D5-B66F-4843-921F-545AA918A59E}.Release|Any CPU.Build.0 = Release|Any CPU
		{6A6048D5-B66F-4843-921F-545AA918A59E}.Release|x64.ActiveCfg = Release|Any CPU
		{6A6048D5-B66F-4843-921F-545AA918A59E}.Release|x64.Build.0 = Release|Any CPU
		{6A6048D5-B66F-4843-921F-545AA918A59E}.Release|x86.ActiveCfg = Release|Any CPU
		{6A6048D5-B66F-4843-921F-545AA918A59E}.Release|x86.Build.0 = Release|Any CPU
		{C55D3760-7A78-406D-B3EE-70B40E698B8A}.Debug|Any CPU.ActiveCfg = Debug|Any CPU
		{C55D3760-7A78-406D-B3EE-70B40E698B8A}.Debug|Any CPU.Build.0 = Debug|Any CPU
		{C55D3760-7A78-406D-B3EE-70B40E698B8A}.Debug|x64.ActiveCfg = Debug|Any CPU
		{C55D3760-7A78-406D-B3EE-70B40E698B8A}.Debug|x64.Build.0 = Debug|Any CPU
		{C55D3760-7A78-406D-B3EE-70B40E698B8A}.Debug|x86.ActiveCfg = Debug|Any CPU
		{C55D3760-7A78-406D-B3EE-70B40E698B8A}.Debug|x86.Build.0 = Debug|Any CPU
		{C55D3760-7A78-406D-B3EE-70B40E698B8A}.Release|Any CPU.ActiveCfg = Release|Any CPU
		{C55D3760-7A78-406D-B3EE-70B40E698B8A}.Release|Any CPU.Build.0 = Release|Any CPU
		{C55D3760-7A78-406D-B3EE-70B40E698B8A}.Release|x64.ActiveCfg = Release|Any CPU
		{C55D3760-7A78-406D-B3EE-70B40E698B8A}.Release|x64.Build.0 = Release|Any CPU
		{C55D3760-7A78-406D-B3EE-70B40E698B8A}.Release|x86.ActiveCfg = Release|Any CPU
		{C55D3760-7A78-406D-B3EE-70B40E698B8A}.Release|x86.Build.0 = Release|Any CPU
		{15473735-C0B0-4ECE-B5FA-1F0DF7ECF99F}.Debug|Any CPU.ActiveCfg = Debug|Any CPU
		{15473735-C0B0-4ECE-B5FA-1F0DF7ECF99F}.Debug|Any CPU.Build.0 = Debug|Any CPU
		{15473735-C0B0-4ECE-B5FA-1F0DF7ECF99F}.Debug|x64.ActiveCfg = Debug|Any CPU
		{15473735-C0B0-4ECE-B5FA-1F0DF7ECF99F}.Debug|x64.Build.0 = Debug|Any CPU
		{15473735-C0B0-4ECE-B5FA-1F0DF7ECF99F}.Debug|x86.ActiveCfg = Debug|Any CPU
		{15473735-C0B0-4ECE-B5FA-1F0DF7ECF99F}.Debug|x86.Build.0 = Debug|Any CPU
		{15473735-C0B0-4ECE-B5FA-1F0DF7ECF99F}.Release|Any CPU.ActiveCfg = Release|Any CPU
		{15473735-C0B0-4ECE-B5FA-1F0DF7ECF99F}.Release|Any CPU.Build.0 = Release|Any CPU
		{15473735-C0B0-4ECE-B5FA-1F0DF7ECF99F}.Release|x64.ActiveCfg = Release|Any CPU
		{15473735-C0B0-4ECE-B5FA-1F0DF7ECF99F}.Release|x64.Build.0 = Release|Any CPU
		{15473735-C0B0-4ECE-B5FA-1F0DF7ECF99F}.Release|x86.ActiveCfg = Release|Any CPU
		{15473735-C0B0-4ECE-B5FA-1F0DF7ECF99F}.Release|x86.Build.0 = Release|Any CPU
	EndGlobalSection
	GlobalSection(SolutionProperties) = preSolution
		HideSolutionNode = FALSE
	EndGlobalSection
	GlobalSection(NestedProjects) = preSolution
		{15473735-C0B0-4ECE-B5FA-1F0DF7ECF99F} = {A366AF7F-D8A3-5295-9089-158C9C58A9B4}
	EndGlobalSection
	GlobalSection(ExtensibilityGlobals) = postSolution
		SolutionGuid = {D082C950-DAED-474F-928D-845C862507F6}
	EndGlobalSection
EndGlobal
